<Solution>
  <Project Path="CSharp_Interactive_Learning_App.API/CSharp_Interactive_Learning_App.API.csproj" />
  <Project Path="CSharp_Interactive_Learning_App/CSharp_Interactive_Learning_App.csproj">
    <Deploy Solution="Debug|*" />
  </Project>
  <Project Path="CSharp_Interactive_Learning_App_Blazor/CSharp_Interactive_Learning_App_Blazor.Client/CSharp_Interactive_Learning_App_Blazor.Client.csproj" Id="494562a3-0975-41c5-80f1-1295913ec130" />
  <Project Path="CSharp_Interpreter/CSharp_Interpreter.csproj" />
  <Project Path="DamageCalculatorV2/DamageCalculatorV2.csproj" Id="24e79109-9771-4fe9-a541-b252853c0bcf" />
  <Project Path="TestProject/TestProject.csproj" Id="9773da28-6798-41e8-addd-4be82274ad8f" />
</Solution>
